// !$*UTF8*$!
{
	archiveVersion = 1;
	classes = {
	};
	objectVersion = 56;
	objects = {

/* Begin PBXBuildFile section */
		B40B93872A28DBCC004126DB /* ReusableLargePersonCellView.swift in Sources */ = {isa = PBXBuildFile; fileRef = B40B93862A28DBCC004126DB /* ReusableLargePersonCellView.swift */; };
		B40B93892A28E279004126DB /* DetailedFeedCategoryView.swift in Sources */ = {isa = PBXBuildFile; fileRef = B40B93882A28E279004126DB /* DetailedFeedCategoryView.swift */; };
		B414A4A62A44C5FF000168E7 /* LocationManager.swift in Sources */ = {isa = PBXBuildFile; fileRef = B414A4A52A44C5FF000168E7 /* LocationManager.swift */; };
		B418FF7C2A05293C00C05261 /* SanguineoApp.swift in Sources */ = {isa = PBXBuildFile; fileRef = B418FF7B2A05293C00C05261 /* SanguineoApp.swift */; };
		B418FF7E2A05293C00C05261 /* HomeView.swift in Sources */ = {isa = PBXBuildFile; fileRef = B418FF7D2A05293C00C05261 /* HomeView.swift */; };
		B418FF802A05293D00C05261 /* Assets.xcassets in Resources */ = {isa = PBXBuildFile; fileRef = B418FF7F2A05293D00C05261 /* Assets.xcassets */; };
		B418FF832A05293D00C05261 /* Preview Assets.xcassets in Resources */ = {isa = PBXBuildFile; fileRef = B418FF822A05293D00C05261 /* Preview Assets.xcassets */; };
		B418FF902A05321C00C05261 /* TutorialView.swift in Sources */ = {isa = PBXBuildFile; fileRef = B418FF8F2A05321C00C05261 /* TutorialView.swift */; };
		B418FFA22A05366500C05261 /* Nunito-ExtraLight.ttf in Resources */ = {isa = PBXBuildFile; fileRef = B418FF922A05366400C05261 /* Nunito-ExtraLight.ttf */; };
		B418FFA32A05366500C05261 /* Nunito-Regular.ttf in Resources */ = {isa = PBXBuildFile; fileRef = B418FF932A05366400C05261 /* Nunito-Regular.ttf */; };
		B418FFA42A05366500C05261 /* Nunito-Bold.ttf in Resources */ = {isa = PBXBuildFile; fileRef = B418FF942A05366400C05261 /* Nunito-Bold.ttf */; };
		B418FFA52A05366500C05261 /* Nunito-Medium.ttf in Resources */ = {isa = PBXBuildFile; fileRef = B418FF952A05366400C05261 /* Nunito-Medium.ttf */; };
		B418FFA62A05366500C05261 /* Nunito-ExtraBold.ttf in Resources */ = {isa = PBXBuildFile; fileRef = B418FF962A05366400C05261 /* Nunito-ExtraBold.ttf */; };
		B418FFA72A05366500C05261 /* Nunito-BoldItalic.ttf in Resources */ = {isa = PBXBuildFile; fileRef = B418FF972A05366400C05261 /* Nunito-BoldItalic.ttf */; };
		B418FFA82A05366500C05261 /* Nunito-Black.ttf in Resources */ = {isa = PBXBuildFile; fileRef = B418FF982A05366400C05261 /* Nunito-Black.ttf */; };
		B418FFA92A05366500C05261 /* Nunito-ExtraBoldItalic.ttf in Resources */ = {isa = PBXBuildFile; fileRef = B418FF992A05366400C05261 /* Nunito-ExtraBoldItalic.ttf */; };
		B418FFAA2A05366500C05261 /* Nunito-MediumItalic.ttf in Resources */ = {isa = PBXBuildFile; fileRef = B418FF9A2A05366400C05261 /* Nunito-MediumItalic.ttf */; };
		B418FFAB2A05366500C05261 /* Nunito-BlackItalic.ttf in Resources */ = {isa = PBXBuildFile; fileRef = B418FF9B2A05366500C05261 /* Nunito-BlackItalic.ttf */; };
		B418FFAC2A05366500C05261 /* Nunito-ExtraLightItalic.ttf in Resources */ = {isa = PBXBuildFile; fileRef = B418FF9C2A05366500C05261 /* Nunito-ExtraLightItalic.ttf */; };
		B418FFAD2A05366500C05261 /* Nunito-SemiBoldItalic.ttf in Resources */ = {isa = PBXBuildFile; fileRef = B418FF9D2A05366500C05261 /* Nunito-SemiBoldItalic.ttf */; };
		B418FFAE2A05366500C05261 /* Nunito-Light.ttf in Resources */ = {isa = PBXBuildFile; fileRef = B418FF9E2A05366500C05261 /* Nunito-Light.ttf */; };
		B418FFAF2A05366500C05261 /* Nunito-LightItalic.ttf in Resources */ = {isa = PBXBuildFile; fileRef = B418FF9F2A05366500C05261 /* Nunito-LightItalic.ttf */; };
		B418FFB02A05366500C05261 /* Nunito-Italic.ttf in Resources */ = {isa = PBXBuildFile; fileRef = B418FFA02A05366500C05261 /* Nunito-Italic.ttf */; };
		B418FFB12A05366500C05261 /* Nunito-SemiBold.ttf in Resources */ = {isa = PBXBuildFile; fileRef = B418FFA12A05366500C05261 /* Nunito-SemiBold.ttf */; };
		B418FFBA2A05499800C05261 /* InitialLogView.swift in Sources */ = {isa = PBXBuildFile; fileRef = B418FFB92A05499800C05261 /* InitialLogView.swift */; };
		B418FFBC2A054A5900C05261 /* HomeViewModel.swift in Sources */ = {isa = PBXBuildFile; fileRef = B418FFBB2A054A5900C05261 /* HomeViewModel.swift */; };
		B41F5B022A33627A00E9465A /* RequestView.swift in Sources */ = {isa = PBXBuildFile; fileRef = B41F5B012A33627A00E9465A /* RequestView.swift */; };
		B426F71E2A2F534E00A8E231 /* EditNameView.swift in Sources */ = {isa = PBXBuildFile; fileRef = B426F71D2A2F534E00A8E231 /* EditNameView.swift */; };
		B426F7202A2F559000A8E231 /* ResponsiveSimpleCustomTextField.swift in Sources */ = {isa = PBXBuildFile; fileRef = B426F71F2A2F559000A8E231 /* ResponsiveSimpleCustomTextField.swift */; };
		B426F7222A2F5F5800A8E231 /* EditSocialNameView.swift in Sources */ = {isa = PBXBuildFile; fileRef = B426F7212A2F5F5800A8E231 /* EditSocialNameView.swift */; };
		B426F7242A2F628700A8E231 /* EditEmailView.swift in Sources */ = {isa = PBXBuildFile; fileRef = B426F7232A2F628700A8E231 /* EditEmailView.swift */; };
		B426F7262A2F650600A8E231 /* EditPhoneView.swift in Sources */ = {isa = PBXBuildFile; fileRef = B426F7252A2F650600A8E231 /* EditPhoneView.swift */; };
		B426F72A2A2F74A400A8E231 /* EditAddresView.swift in Sources */ = {isa = PBXBuildFile; fileRef = B426F7292A2F74A400A8E231 /* EditAddresView.swift */; };
		B43454632A277D69000BC1EF /* ReusablePersonCellView.swift in Sources */ = {isa = PBXBuildFile; fileRef = B43454622A277D69000BC1EF /* ReusablePersonCellView.swift */; };
		B446510B2A3C8834005D2BB9 /* AboutThisVersionView.swift in Sources */ = {isa = PBXBuildFile; fileRef = B446510A2A3C8834005D2BB9 /* AboutThisVersionView.swift */; };
		B446510D2A3C8A6A005D2BB9 /* PrivacyPolicyView.swift in Sources */ = {isa = PBXBuildFile; fileRef = B446510C2A3C8A6A005D2BB9 /* PrivacyPolicyView.swift */; };
		B446510F2A3C8DBA005D2BB9 /* SelectThemeView.swift in Sources */ = {isa = PBXBuildFile; fileRef = B446510E2A3C8DBA005D2BB9 /* SelectThemeView.swift */; };
		B44651112A3C8EE3005D2BB9 /* CustomCheckmarkCell.swift in Sources */ = {isa = PBXBuildFile; fileRef = B44651102A3C8EE3005D2BB9 /* CustomCheckmarkCell.swift */; };
		B44651132A3C9549005D2BB9 /* SettingsViewModel.swift in Sources */ = {isa = PBXBuildFile; fileRef = B44651122A3C9549005D2BB9 /* SettingsViewModel.swift */; };
		B46838CD2A28BAD800BC1630 /* ProfileViewModel.swift in Sources */ = {isa = PBXBuildFile; fileRef = B46838CC2A28BAD800BC1630 /* ProfileViewModel.swift */; };
		B46838CF2A28C02600BC1630 /* CustomButtonCell.swift in Sources */ = {isa = PBXBuildFile; fileRef = B46838CE2A28C02600BC1630 /* CustomButtonCell.swift */; };
		B4802FAA2A39DD450041A277 /* AddressBasicComponentView.swift in Sources */ = {isa = PBXBuildFile; fileRef = B4802FA92A39DD450041A277 /* AddressBasicComponentView.swift */; };
		B4802FAC2A39EA1F0041A277 /* AddressView.swift in Sources */ = {isa = PBXBuildFile; fileRef = B4802FAB2A39EA1F0041A277 /* AddressView.swift */; };
		B4802FAF2A39F4330041A277 /* AddressViewModel.swift in Sources */ = {isa = PBXBuildFile; fileRef = B4802FAE2A39F4330041A277 /* AddressViewModel.swift */; };
		B4802FB12A3A0D780041A277 /* AddressSearchedItemView.swift in Sources */ = {isa = PBXBuildFile; fileRef = B4802FB02A3A0D780041A277 /* AddressSearchedItemView.swift */; };
		B483BF372A262B400005746D /* NavigationBarView.swift in Sources */ = {isa = PBXBuildFile; fileRef = B483BF362A262B400005746D /* NavigationBarView.swift */; };
		B483BF392A262CA50005746D /* NavigationBarViewModel.swift in Sources */ = {isa = PBXBuildFile; fileRef = B483BF382A262CA50005746D /* NavigationBarViewModel.swift */; };
		B483BF442A262DEF0005746D /* FeedView.swift in Sources */ = {isa = PBXBuildFile; fileRef = B483BF432A262DEF0005746D /* FeedView.swift */; };
		B483BF462A262E050005746D /* AppointmentsView.swift in Sources */ = {isa = PBXBuildFile; fileRef = B483BF452A262E050005746D /* AppointmentsView.swift */; };
		B483BF492A262E120005746D /* ProfileView.swift in Sources */ = {isa = PBXBuildFile; fileRef = B483BF482A262E120005746D /* ProfileView.swift */; };
		B48452C52A1D0BBC004097B7 /* GoogleService-Info.plist in Resources */ = {isa = PBXBuildFile; fileRef = B48452C42A1D0BBC004097B7 /* GoogleService-Info.plist */; };
		B48452C82A1D0CD4004097B7 /* FirebaseAuth in Frameworks */ = {isa = PBXBuildFile; productRef = B48452C72A1D0CD4004097B7 /* FirebaseAuth */; };
		B48452CA2A1D0CD4004097B7 /* FirebaseFirestore in Frameworks */ = {isa = PBXBuildFile; productRef = B48452C92A1D0CD4004097B7 /* FirebaseFirestore */; };
		B48452CC2A1D0CD4004097B7 /* FirebaseFirestoreSwift in Frameworks */ = {isa = PBXBuildFile; productRef = B48452CB2A1D0CD4004097B7 /* FirebaseFirestoreSwift */; };
		B48452CE2A1D0CD4004097B7 /* FirebaseStorage in Frameworks */ = {isa = PBXBuildFile; productRef = B48452CD2A1D0CD4004097B7 /* FirebaseStorage */; };
		B49ED1612A2E2D54006A7EA4 /* CustomCell.swift in Sources */ = {isa = PBXBuildFile; fileRef = B49ED1602A2E2D54006A7EA4 /* CustomCell.swift */; };
		B4A407372A2A0EAA00F54357 /* DonateView.swift in Sources */ = {isa = PBXBuildFile; fileRef = B4A407362A2A0EAA00F54357 /* DonateView.swift */; };
		B4A4073B2A2A2C9F00F54357 /* EditProfileInfoView.swift in Sources */ = {isa = PBXBuildFile; fileRef = B4A4073A2A2A2C9F00F54357 /* EditProfileInfoView.swift */; };
		B4CB03DF2A1F8A7E00DC04E2 /* User.swift in Sources */ = {isa = PBXBuildFile; fileRef = B4CB03DE2A1F8A7E00DC04E2 /* User.swift */; };
		B4CB03E22A1F8D5800DC04E2 /* UserService.swift in Sources */ = {isa = PBXBuildFile; fileRef = B4CB03E12A1F8D5800DC04E2 /* UserService.swift */; };
		B4D070862A30D4E0003FE151 /* ResponsiveCustomPicker.swift in Sources */ = {isa = PBXBuildFile; fileRef = B4D070852A30D4E0003FE151 /* ResponsiveCustomPicker.swift */; };
		B4DA24222A165173009C6DA0 /* LoginView.swift in Sources */ = {isa = PBXBuildFile; fileRef = B4DA24212A165173009C6DA0 /* LoginView.swift */; };
		B4DA24252A16531A009C6DA0 /* UIScreen.swift in Sources */ = {isa = PBXBuildFile; fileRef = B4DA24242A16531A009C6DA0 /* UIScreen.swift */; };
		B4DA512D2A3B55BB006C12ED /* PermissionsView.swift in Sources */ = {isa = PBXBuildFile; fileRef = B4DA512C2A3B55BB006C12ED /* PermissionsView.swift */; };
		B4DA51302A3B5C25006C12ED /* TermsView.swift in Sources */ = {isa = PBXBuildFile; fileRef = B4DA512F2A3B5C25006C12ED /* TermsView.swift */; };
		B4DA51332A3B5EF3006C12ED /* SettingsView.swift in Sources */ = {isa = PBXBuildFile; fileRef = B4DA51322A3B5EF3006C12ED /* SettingsView.swift */; };
		B4DA51352A3B611A006C12ED /* NotificationsView.swift in Sources */ = {isa = PBXBuildFile; fileRef = B4DA51342A3B611A006C12ED /* NotificationsView.swift */; };
		B4DA51372A3B625F006C12ED /* CustomToggleCell.swift in Sources */ = {isa = PBXBuildFile; fileRef = B4DA51362A3B625F006C12ED /* CustomToggleCell.swift */; };
		B4E439A02A17BD1D00FFE907 /* RegisterView.swift in Sources */ = {isa = PBXBuildFile; fileRef = B4E4399F2A17BD1D00FFE907 /* RegisterView.swift */; };
		B4E4BAEE2A165E9F00F108C1 /* ResponsiveCustomTextField.swift in Sources */ = {isa = PBXBuildFile; fileRef = B4E4BAED2A165E9F00F108C1 /* ResponsiveCustomTextField.swift */; };
		B4E4BAF02A1673B600F108C1 /* LoginViewModel.swift in Sources */ = {isa = PBXBuildFile; fileRef = B4E4BAEF2A1673B600F108C1 /* LoginViewModel.swift */; };
		B4EC9EB72A1CE83200940B2F /* ImagePicker.swift in Sources */ = {isa = PBXBuildFile; fileRef = B4EC9EB62A1CE83200940B2F /* ImagePicker.swift */; };
		B4EC9EB92A1CECBF00940B2F /* InitialLogViewModel.swift in Sources */ = {isa = PBXBuildFile; fileRef = B4EC9EB82A1CECBF00940B2F /* InitialLogViewModel.swift */; };
		B4EC9EBB2A1CF37900940B2F /* CustomTextField.swift in Sources */ = {isa = PBXBuildFile; fileRef = B4EC9EBA2A1CF37900940B2F /* CustomTextField.swift */; };
		B4EC9EBD2A1CFF8E00940B2F /* RegisterViewModel.swift in Sources */ = {isa = PBXBuildFile; fileRef = B4EC9EBC2A1CFF8E00940B2F /* RegisterViewModel.swift */; };
		B4F09C402A3896990056BD48 /* RewardMainComponentView.swift in Sources */ = {isa = PBXBuildFile; fileRef = B4F09C3F2A3896990056BD48 /* RewardMainComponentView.swift */; };
		B4F09C422A389D570056BD48 /* ViewIf.swift in Sources */ = {isa = PBXBuildFile; fileRef = B4F09C412A389D570056BD48 /* ViewIf.swift */; };
		B4F09C442A389EAD0056BD48 /* StringCapitalizingFirstLetter.swift in Sources */ = {isa = PBXBuildFile; fileRef = B4F09C432A389EAD0056BD48 /* StringCapitalizingFirstLetter.swift */; };
		B4F09C462A38A5BC0056BD48 /* RewardsView.swift in Sources */ = {isa = PBXBuildFile; fileRef = B4F09C452A38A5BC0056BD48 /* RewardsView.swift */; };
		B4F09C482A38B7970056BD48 /* RewardsDetailedView.swift in Sources */ = {isa = PBXBuildFile; fileRef = B4F09C472A38B7960056BD48 /* RewardsDetailedView.swift */; };
		B4F09C4A2A38BD800056BD48 /* CustomTextFieldCopy.swift in Sources */ = {isa = PBXBuildFile; fileRef = B4F09C492A38BD800056BD48 /* CustomTextFieldCopy.swift */; };
		B4FC5E712A1B99DC00CC2BBC /* Introspect in Frameworks */ = {isa = PBXBuildFile; productRef = B4FC5E702A1B99DC00CC2BBC /* Introspect */; };
		B4FC5E752A1BB5D400CC2BBC /* CGImageExtension.swift in Sources */ = {isa = PBXBuildFile; fileRef = B4FC5E742A1BB5D400CC2BBC /* CGImageExtension.swift */; };
/* End PBXBuildFile section */

/* Begin PBXFileReference section */
		B40B93862A28DBCC004126DB /* ReusableLargePersonCellView.swift */ = {isa = PBXFileReference; lastKnownFileType = sourcecode.swift; path = ReusableLargePersonCellView.swift; sourceTree = "<group>"; };
		B40B93882A28E279004126DB /* DetailedFeedCategoryView.swift */ = {isa = PBXFileReference; lastKnownFileType = sourcecode.swift; path = DetailedFeedCategoryView.swift; sourceTree = "<group>"; };
		B414A4A52A44C5FF000168E7 /* LocationManager.swift */ = {isa = PBXFileReference; lastKnownFileType = sourcecode.swift; path = LocationManager.swift; sourceTree = "<group>"; };
		B418FF782A05293C00C05261 /* Sanguineo.app */ = {isa = PBXFileReference; explicitFileType = wrapper.application; includeInIndex = 0; path = Sanguineo.app; sourceTree = BUILT_PRODUCTS_DIR; };
		B418FF7B2A05293C00C05261 /* SanguineoApp.swift */ = {isa = PBXFileReference; lastKnownFileType = sourcecode.swift; path = SanguineoApp.swift; sourceTree = "<group>"; };
		B418FF7D2A05293C00C05261 /* HomeView.swift */ = {isa = PBXFileReference; lastKnownFileType = sourcecode.swift; path = HomeView.swift; sourceTree = "<group>"; };
		B418FF7F2A05293D00C05261 /* Assets.xcassets */ = {isa = PBXFileReference; lastKnownFileType = folder.assetcatalog; path = Assets.xcassets; sourceTree = "<group>"; };
		B418FF822A05293D00C05261 /* Preview Assets.xcassets */ = {isa = PBXFileReference; lastKnownFileType = folder.assetcatalog; path = "Preview Assets.xcassets"; sourceTree = "<group>"; };
		B418FF8F2A05321C00C05261 /* TutorialView.swift */ = {isa = PBXFileReference; lastKnownFileType = sourcecode.swift; path = TutorialView.swift; sourceTree = "<group>"; };
		B418FF922A05366400C05261 /* Nunito-ExtraLight.ttf */ = {isa = PBXFileReference; lastKnownFileType = file; path = "Nunito-ExtraLight.ttf"; sourceTree = "<group>"; };
		B418FF932A05366400C05261 /* Nunito-Regular.ttf */ = {isa = PBXFileReference; lastKnownFileType = file; path = "Nunito-Regular.ttf"; sourceTree = "<group>"; };
		B418FF942A05366400C05261 /* Nunito-Bold.ttf */ = {isa = PBXFileReference; lastKnownFileType = file; path = "Nunito-Bold.ttf"; sourceTree = "<group>"; };
		B418FF952A05366400C05261 /* Nunito-Medium.ttf */ = {isa = PBXFileReference; lastKnownFileType = file; path = "Nunito-Medium.ttf"; sourceTree = "<group>"; };
		B418FF962A05366400C05261 /* Nunito-ExtraBold.ttf */ = {isa = PBXFileReference; lastKnownFileType = file; path = "Nunito-ExtraBold.ttf"; sourceTree = "<group>"; };
		B418FF972A05366400C05261 /* Nunito-BoldItalic.ttf */ = {isa = PBXFileReference; lastKnownFileType = file; path = "Nunito-BoldItalic.ttf"; sourceTree = "<group>"; };
		B418FF982A05366400C05261 /* Nunito-Black.ttf */ = {isa = PBXFileReference; lastKnownFileType = file; path = "Nunito-Black.ttf"; sourceTree = "<group>"; };
		B418FF992A05366400C05261 /* Nunito-ExtraBoldItalic.ttf */ = {isa = PBXFileReference; lastKnownFileType = file; path = "Nunito-ExtraBoldItalic.ttf"; sourceTree = "<group>"; };
		B418FF9A2A05366400C05261 /* Nunito-MediumItalic.ttf */ = {isa = PBXFileReference; lastKnownFileType = file; path = "Nunito-MediumItalic.ttf"; sourceTree = "<group>"; };
		B418FF9B2A05366500C05261 /* Nunito-BlackItalic.ttf */ = {isa = PBXFileReference; lastKnownFileType = file; path = "Nunito-BlackItalic.ttf"; sourceTree = "<group>"; };
		B418FF9C2A05366500C05261 /* Nunito-ExtraLightItalic.ttf */ = {isa = PBXFileReference; lastKnownFileType = file; path = "Nunito-ExtraLightItalic.ttf"; sourceTree = "<group>"; };
		B418FF9D2A05366500C05261 /* Nunito-SemiBoldItalic.ttf */ = {isa = PBXFileReference; lastKnownFileType = file; path = "Nunito-SemiBoldItalic.ttf"; sourceTree = "<group>"; };
		B418FF9E2A05366500C05261 /* Nunito-Light.ttf */ = {isa = PBXFileReference; lastKnownFileType = file; path = "Nunito-Light.ttf"; sourceTree = "<group>"; };
		B418FF9F2A05366500C05261 /* Nunito-LightItalic.ttf */ = {isa = PBXFileReference; lastKnownFileType = file; path = "Nunito-LightItalic.ttf"; sourceTree = "<group>"; };
		B418FFA02A05366500C05261 /* Nunito-Italic.ttf */ = {isa = PBXFileReference; lastKnownFileType = file; path = "Nunito-Italic.ttf"; sourceTree = "<group>"; };
		B418FFA12A05366500C05261 /* Nunito-SemiBold.ttf */ = {isa = PBXFileReference; lastKnownFileType = file; path = "Nunito-SemiBold.ttf"; sourceTree = "<group>"; };
		B418FFB22A05368A00C05261 /* Info.plist */ = {isa = PBXFileReference; lastKnownFileType = text.plist; path = Info.plist; sourceTree = "<group>"; };
		B418FFB92A05499800C05261 /* InitialLogView.swift */ = {isa = PBXFileReference; lastKnownFileType = sourcecode.swift; path = InitialLogView.swift; sourceTree = "<group>"; };
		B418FFBB2A054A5900C05261 /* HomeViewModel.swift */ = {isa = PBXFileReference; lastKnownFileType = sourcecode.swift; path = HomeViewModel.swift; sourceTree = "<group>"; };
		B41F5B012A33627A00E9465A /* RequestView.swift */ = {isa = PBXFileReference; lastKnownFileType = sourcecode.swift; path = RequestView.swift; sourceTree = "<group>"; };
		B426F71D2A2F534E00A8E231 /* EditNameView.swift */ = {isa = PBXFileReference; lastKnownFileType = sourcecode.swift; path = EditNameView.swift; sourceTree = "<group>"; };
		B426F71F2A2F559000A8E231 /* ResponsiveSimpleCustomTextField.swift */ = {isa = PBXFileReference; lastKnownFileType = sourcecode.swift; path = ResponsiveSimpleCustomTextField.swift; sourceTree = "<group>"; };
		B426F7212A2F5F5800A8E231 /* EditSocialNameView.swift */ = {isa = PBXFileReference; lastKnownFileType = sourcecode.swift; path = EditSocialNameView.swift; sourceTree = "<group>"; };
		B426F7232A2F628700A8E231 /* EditEmailView.swift */ = {isa = PBXFileReference; lastKnownFileType = sourcecode.swift; path = EditEmailView.swift; sourceTree = "<group>"; };
		B426F7252A2F650600A8E231 /* EditPhoneView.swift */ = {isa = PBXFileReference; lastKnownFileType = sourcecode.swift; path = EditPhoneView.swift; sourceTree = "<group>"; };
		B426F7292A2F74A400A8E231 /* EditAddresView.swift */ = {isa = PBXFileReference; lastKnownFileType = sourcecode.swift; path = EditAddresView.swift; sourceTree = "<group>"; };
		B43454622A277D69000BC1EF /* ReusablePersonCellView.swift */ = {isa = PBXFileReference; lastKnownFileType = sourcecode.swift; path = ReusablePersonCellView.swift; sourceTree = "<group>"; };
		B446510A2A3C8834005D2BB9 /* AboutThisVersionView.swift */ = {isa = PBXFileReference; lastKnownFileType = sourcecode.swift; path = AboutThisVersionView.swift; sourceTree = "<group>"; };
		B446510C2A3C8A6A005D2BB9 /* PrivacyPolicyView.swift */ = {isa = PBXFileReference; lastKnownFileType = sourcecode.swift; path = PrivacyPolicyView.swift; sourceTree = "<group>"; };
		B446510E2A3C8DBA005D2BB9 /* SelectThemeView.swift */ = {isa = PBXFileReference; lastKnownFileType = sourcecode.swift; path = SelectThemeView.swift; sourceTree = "<group>"; };
		B44651102A3C8EE3005D2BB9 /* CustomCheckmarkCell.swift */ = {isa = PBXFileReference; lastKnownFileType = sourcecode.swift; path = CustomCheckmarkCell.swift; sourceTree = "<group>"; };
		B44651122A3C9549005D2BB9 /* SettingsViewModel.swift */ = {isa = PBXFileReference; lastKnownFileType = sourcecode.swift; path = SettingsViewModel.swift; sourceTree = "<group>"; };
		B46838CC2A28BAD800BC1630 /* ProfileViewModel.swift */ = {isa = PBXFileReference; lastKnownFileType = sourcecode.swift; path = ProfileViewModel.swift; sourceTree = "<group>"; };
		B46838CE2A28C02600BC1630 /* CustomButtonCell.swift */ = {isa = PBXFileReference; lastKnownFileType = sourcecode.swift; path = CustomButtonCell.swift; sourceTree = "<group>"; };
		B4802FA92A39DD450041A277 /* AddressBasicComponentView.swift */ = {isa = PBXFileReference; lastKnownFileType = sourcecode.swift; path = AddressBasicComponentView.swift; sourceTree = "<group>"; };
		B4802FAB2A39EA1F0041A277 /* AddressView.swift */ = {isa = PBXFileReference; lastKnownFileType = sourcecode.swift; path = AddressView.swift; sourceTree = "<group>"; };
		B4802FAE2A39F4330041A277 /* AddressViewModel.swift */ = {isa = PBXFileReference; lastKnownFileType = sourcecode.swift; path = AddressViewModel.swift; sourceTree = "<group>"; };
		B4802FB02A3A0D780041A277 /* AddressSearchedItemView.swift */ = {isa = PBXFileReference; lastKnownFileType = sourcecode.swift; path = AddressSearchedItemView.swift; sourceTree = "<group>"; };
		B483BF362A262B400005746D /* NavigationBarView.swift */ = {isa = PBXFileReference; lastKnownFileType = sourcecode.swift; path = NavigationBarView.swift; sourceTree = "<group>"; };
		B483BF382A262CA50005746D /* NavigationBarViewModel.swift */ = {isa = PBXFileReference; lastKnownFileType = sourcecode.swift; path = NavigationBarViewModel.swift; sourceTree = "<group>"; };
		B483BF432A262DEF0005746D /* FeedView.swift */ = {isa = PBXFileReference; lastKnownFileType = sourcecode.swift; path = FeedView.swift; sourceTree = "<group>"; };
		B483BF452A262E050005746D /* AppointmentsView.swift */ = {isa = PBXFileReference; lastKnownFileType = sourcecode.swift; path = AppointmentsView.swift; sourceTree = "<group>"; };
		B483BF482A262E120005746D /* ProfileView.swift */ = {isa = PBXFileReference; lastKnownFileType = sourcecode.swift; path = ProfileView.swift; sourceTree = "<group>"; };
		B48452C42A1D0BBC004097B7 /* GoogleService-Info.plist */ = {isa = PBXFileReference; fileEncoding = 4; lastKnownFileType = text.plist.xml; path = "GoogleService-Info.plist"; sourceTree = "<group>"; };
		B49ED1602A2E2D54006A7EA4 /* CustomCell.swift */ = {isa = PBXFileReference; lastKnownFileType = sourcecode.swift; path = CustomCell.swift; sourceTree = "<group>"; };
		B4A407362A2A0EAA00F54357 /* DonateView.swift */ = {isa = PBXFileReference; lastKnownFileType = sourcecode.swift; path = DonateView.swift; sourceTree = "<group>"; };
		B4A4073A2A2A2C9F00F54357 /* EditProfileInfoView.swift */ = {isa = PBXFileReference; lastKnownFileType = sourcecode.swift; path = EditProfileInfoView.swift; sourceTree = "<group>"; };
		B4CB03DE2A1F8A7E00DC04E2 /* User.swift */ = {isa = PBXFileReference; lastKnownFileType = sourcecode.swift; path = User.swift; sourceTree = "<group>"; };
		B4CB03E12A1F8D5800DC04E2 /* UserService.swift */ = {isa = PBXFileReference; lastKnownFileType = sourcecode.swift; path = UserService.swift; sourceTree = "<group>"; };
		B4D070852A30D4E0003FE151 /* ResponsiveCustomPicker.swift */ = {isa = PBXFileReference; lastKnownFileType = sourcecode.swift; path = ResponsiveCustomPicker.swift; sourceTree = "<group>"; };
		B4DA24212A165173009C6DA0 /* LoginView.swift */ = {isa = PBXFileReference; lastKnownFileType = sourcecode.swift; path = LoginView.swift; sourceTree = "<group>"; };
		B4DA24242A16531A009C6DA0 /* UIScreen.swift */ = {isa = PBXFileReference; lastKnownFileType = sourcecode.swift; path = UIScreen.swift; sourceTree = "<group>"; };
		B4DA512C2A3B55BB006C12ED /* PermissionsView.swift */ = {isa = PBXFileReference; lastKnownFileType = sourcecode.swift; path = PermissionsView.swift; sourceTree = "<group>"; };
		B4DA512F2A3B5C25006C12ED /* TermsView.swift */ = {isa = PBXFileReference; lastKnownFileType = sourcecode.swift; path = TermsView.swift; sourceTree = "<group>"; };
		B4DA51322A3B5EF3006C12ED /* SettingsView.swift */ = {isa = PBXFileReference; lastKnownFileType = sourcecode.swift; path = SettingsView.swift; sourceTree = "<group>"; };
		B4DA51342A3B611A006C12ED /* NotificationsView.swift */ = {isa = PBXFileReference; lastKnownFileType = sourcecode.swift; path = NotificationsView.swift; sourceTree = "<group>"; };
		B4DA51362A3B625F006C12ED /* CustomToggleCell.swift */ = {isa = PBXFileReference; lastKnownFileType = sourcecode.swift; path = CustomToggleCell.swift; sourceTree = "<group>"; };
		B4E4399F2A17BD1D00FFE907 /* RegisterView.swift */ = {isa = PBXFileReference; lastKnownFileType = sourcecode.swift; path = RegisterView.swift; sourceTree = "<group>"; };
		B4E4BAED2A165E9F00F108C1 /* ResponsiveCustomTextField.swift */ = {isa = PBXFileReference; lastKnownFileType = sourcecode.swift; path = ResponsiveCustomTextField.swift; sourceTree = "<group>"; };
		B4E4BAEF2A1673B600F108C1 /* LoginViewModel.swift */ = {isa = PBXFileReference; lastKnownFileType = sourcecode.swift; path = LoginViewModel.swift; sourceTree = "<group>"; };
		B4EC9EB62A1CE83200940B2F /* ImagePicker.swift */ = {isa = PBXFileReference; lastKnownFileType = sourcecode.swift; path = ImagePicker.swift; sourceTree = "<group>"; };
		B4EC9EB82A1CECBF00940B2F /* InitialLogViewModel.swift */ = {isa = PBXFileReference; lastKnownFileType = sourcecode.swift; path = InitialLogViewModel.swift; sourceTree = "<group>"; };
		B4EC9EBA2A1CF37900940B2F /* CustomTextField.swift */ = {isa = PBXFileReference; lastKnownFileType = sourcecode.swift; path = CustomTextField.swift; sourceTree = "<group>"; };
		B4EC9EBC2A1CFF8E00940B2F /* RegisterViewModel.swift */ = {isa = PBXFileReference; lastKnownFileType = sourcecode.swift; path = RegisterViewModel.swift; sourceTree = "<group>"; };
		B4F09C3F2A3896990056BD48 /* RewardMainComponentView.swift */ = {isa = PBXFileReference; lastKnownFileType = sourcecode.swift; path = RewardMainComponentView.swift; sourceTree = "<group>"; };
		B4F09C412A389D570056BD48 /* ViewIf.swift */ = {isa = PBXFileReference; lastKnownFileType = sourcecode.swift; path = ViewIf.swift; sourceTree = "<group>"; };
		B4F09C432A389EAD0056BD48 /* StringCapitalizingFirstLetter.swift */ = {isa = PBXFileReference; lastKnownFileType = sourcecode.swift; path = StringCapitalizingFirstLetter.swift; sourceTree = "<group>"; };
		B4F09C452A38A5BC0056BD48 /* RewardsView.swift */ = {isa = PBXFileReference; lastKnownFileType = sourcecode.swift; path = RewardsView.swift; sourceTree = "<group>"; };
		B4F09C472A38B7960056BD48 /* RewardsDetailedView.swift */ = {isa = PBXFileReference; lastKnownFileType = sourcecode.swift; path = RewardsDetailedView.swift; sourceTree = "<group>"; };
		B4F09C492A38BD800056BD48 /* CustomTextFieldCopy.swift */ = {isa = PBXFileReference; lastKnownFileType = sourcecode.swift; path = CustomTextFieldCopy.swift; sourceTree = "<group>"; };
		B4FC5E742A1BB5D400CC2BBC /* CGImageExtension.swift */ = {isa = PBXFileReference; fileEncoding = 4; lastKnownFileType = sourcecode.swift; path = CGImageExtension.swift; sourceTree = "<group>"; };
/* End PBXFileReference section */

/* Begin PBXFrameworksBuildPhase section */
		B418FF752A05293C00C05261 /* Frameworks */ = {
			isa = PBXFrameworksBuildPhase;
			buildActionMask = 2147483647;
			files = (
				B4FC5E712A1B99DC00CC2BBC /* Introspect in Frameworks */,
				B48452C82A1D0CD4004097B7 /* FirebaseAuth in Frameworks */,
				B48452CA2A1D0CD4004097B7 /* FirebaseFirestore in Frameworks */,
				B48452CE2A1D0CD4004097B7 /* FirebaseStorage in Frameworks */,
				B48452CC2A1D0CD4004097B7 /* FirebaseFirestoreSwift in Frameworks */,
			);
			runOnlyForDeploymentPostprocessing = 0;
		};
/* End PBXFrameworksBuildPhase section */

/* Begin PBXGroup section */
		B414A4A42A44C5C8000168E7 /* Managers */ = {
			isa = PBXGroup;
			children = (
				B414A4A52A44C5FF000168E7 /* LocationManager.swift */,
			);
			path = Managers;
			sourceTree = "<group>";
		};
		B418FF6F2A05293C00C05261 = {
			isa = PBXGroup;
			children = (
				B418FF7A2A05293C00C05261 /* Sanguineo */,
				B418FF792A05293C00C05261 /* Products */,
			);
			sourceTree = "<group>";
		};
		B418FF792A05293C00C05261 /* Products */ = {
			isa = PBXGroup;
			children = (
				B418FF782A05293C00C05261 /* Sanguineo.app */,
			);
			name = Products;
			sourceTree = "<group>";
		};
		B418FF7A2A05293C00C05261 /* Sanguineo */ = {
			isa = PBXGroup;
			children = (
				B48452C42A1D0BBC004097B7 /* GoogleService-Info.plist */,
				B418FFB22A05368A00C05261 /* Info.plist */,
				B418FF7B2A05293C00C05261 /* SanguineoApp.swift */,
				B414A4A42A44C5C8000168E7 /* Managers */,
				B418FF892A05297D00C05261 /* Core */,
				B4CB03DD2A1F8A6B00DC04E2 /* Models */,
				B4CB03E02A1F8D4600DC04E2 /* Services */,
				B418FF7F2A05293D00C05261 /* Assets.xcassets */,
				B418FF912A05364400C05261 /* Fonts */,
				B418FF812A05293D00C05261 /* Preview Content */,
			);
			path = Sanguineo;
			sourceTree = "<group>";
		};
		B418FF812A05293D00C05261 /* Preview Content */ = {
			isa = PBXGroup;
			children = (
				B418FF822A05293D00C05261 /* Preview Assets.xcassets */,
			);
			path = "Preview Content";
			sourceTree = "<group>";
		};
		B418FF892A05297D00C05261 /* Core */ = {
			isa = PBXGroup;
			children = (
				B483BF3E2A262DC90005746D /* Profile */,
				B483BF3D2A262DB90005746D /* Appointments */,
				B41F5AFE2A33625900E9465A /* Request */,
				B483BF3A2A262D350005746D /* Feed */,
				B4DA24232A165302009C6DA0 /* Extensions */,
				B418FFB32A053A1C00C05261 /* Common */,
				B483BF312A262AE30005746D /* NavigationBar */,
				B418FF8D2A05320200C05261 /* Tutorial */,
				B418FF8A2A0529A400C05261 /* Home */,
				B418FFB62A0548CF00C05261 /* Log */,
			);
			path = Core;
			sourceTree = "<group>";
		};
		B418FF8A2A0529A400C05261 /* Home */ = {
			isa = PBXGroup;
			children = (
				B418FF8C2A0529B100C05261 /* ViewModel */,
				B418FF8B2A0529AD00C05261 /* View */,
			);
			path = Home;
			sourceTree = "<group>";
		};
		B418FF8B2A0529AD00C05261 /* View */ = {
			isa = PBXGroup;
			children = (
				B418FF7D2A05293C00C05261 /* HomeView.swift */,
			);
			path = View;
			sourceTree = "<group>";
		};
		B418FF8C2A0529B100C05261 /* ViewModel */ = {
			isa = PBXGroup;
			children = (
				B418FFBB2A054A5900C05261 /* HomeViewModel.swift */,
			);
			path = ViewModel;
			sourceTree = "<group>";
		};
		B418FF8D2A05320200C05261 /* Tutorial */ = {
			isa = PBXGroup;
			children = (
				B418FF8E2A05320C00C05261 /* View */,
			);
			path = Tutorial;
			sourceTree = "<group>";
		};
		B418FF8E2A05320C00C05261 /* View */ = {
			isa = PBXGroup;
			children = (
				B418FF8F2A05321C00C05261 /* TutorialView.swift */,
			);
			path = View;
			sourceTree = "<group>";
		};
		B418FF912A05364400C05261 /* Fonts */ = {
			isa = PBXGroup;
			children = (
				B418FF982A05366400C05261 /* Nunito-Black.ttf */,
				B418FF9B2A05366500C05261 /* Nunito-BlackItalic.ttf */,
				B418FF942A05366400C05261 /* Nunito-Bold.ttf */,
				B418FF972A05366400C05261 /* Nunito-BoldItalic.ttf */,
				B418FF962A05366400C05261 /* Nunito-ExtraBold.ttf */,
				B418FF992A05366400C05261 /* Nunito-ExtraBoldItalic.ttf */,
				B418FF922A05366400C05261 /* Nunito-ExtraLight.ttf */,
				B418FF9C2A05366500C05261 /* Nunito-ExtraLightItalic.ttf */,
				B418FFA02A05366500C05261 /* Nunito-Italic.ttf */,
				B418FF9E2A05366500C05261 /* Nunito-Light.ttf */,
				B418FF9F2A05366500C05261 /* Nunito-LightItalic.ttf */,
				B418FF952A05366400C05261 /* Nunito-Medium.ttf */,
				B418FF9A2A05366400C05261 /* Nunito-MediumItalic.ttf */,
				B418FF932A05366400C05261 /* Nunito-Regular.ttf */,
				B418FFA12A05366500C05261 /* Nunito-SemiBold.ttf */,
				B418FF9D2A05366500C05261 /* Nunito-SemiBoldItalic.ttf */,
			);
			path = Fonts;
			sourceTree = "<group>";
		};
		B418FFB32A053A1C00C05261 /* Common */ = {
			isa = PBXGroup;
			children = (
				B4E4BAED2A165E9F00F108C1 /* ResponsiveCustomTextField.swift */,
				B4EC9EB62A1CE83200940B2F /* ImagePicker.swift */,
				B4EC9EBA2A1CF37900940B2F /* CustomTextField.swift */,
				B46838CE2A28C02600BC1630 /* CustomButtonCell.swift */,
				B49ED1602A2E2D54006A7EA4 /* CustomCell.swift */,
				B426F71F2A2F559000A8E231 /* ResponsiveSimpleCustomTextField.swift */,
				B4D070852A30D4E0003FE151 /* ResponsiveCustomPicker.swift */,
				B4F09C492A38BD800056BD48 /* CustomTextFieldCopy.swift */,
				B4DA51362A3B625F006C12ED /* CustomToggleCell.swift */,
				B44651102A3C8EE3005D2BB9 /* CustomCheckmarkCell.swift */,
			);
			path = Common;
			sourceTree = "<group>";
		};
		B418FFB62A0548CF00C05261 /* Log */ = {
			isa = PBXGroup;
			children = (
				B418FFB82A05497D00C05261 /* ViewModel */,
				B418FFB72A05497700C05261 /* View */,
			);
			path = Log;
			sourceTree = "<group>";
		};
		B418FFB72A05497700C05261 /* View */ = {
			isa = PBXGroup;
			children = (
				B418FFB92A05499800C05261 /* InitialLogView.swift */,
				B4DA24212A165173009C6DA0 /* LoginView.swift */,
				B4E4399F2A17BD1D00FFE907 /* RegisterView.swift */,
			);
			path = View;
			sourceTree = "<group>";
		};
		B418FFB82A05497D00C05261 /* ViewModel */ = {
			isa = PBXGroup;
			children = (
				B4E4BAEF2A1673B600F108C1 /* LoginViewModel.swift */,
				B4EC9EB82A1CECBF00940B2F /* InitialLogViewModel.swift */,
				B4EC9EBC2A1CFF8E00940B2F /* RegisterViewModel.swift */,
			);
			path = ViewModel;
			sourceTree = "<group>";
		};
		B41F5AFE2A33625900E9465A /* Request */ = {
			isa = PBXGroup;
			children = (
				B41F5B002A33626800E9465A /* ViewModel */,
				B41F5AFF2A33626400E9465A /* View */,
			);
			path = Request;
			sourceTree = "<group>";
		};
		B41F5AFF2A33626400E9465A /* View */ = {
			isa = PBXGroup;
			children = (
				B41F5B012A33627A00E9465A /* RequestView.swift */,
			);
			path = View;
			sourceTree = "<group>";
		};
		B41F5B002A33626800E9465A /* ViewModel */ = {
			isa = PBXGroup;
			children = (
			);
			path = ViewModel;
			sourceTree = "<group>";
		};
		B4802FA82A39DD240041A277 /* Address */ = {
			isa = PBXGroup;
			children = (
				B4802FA92A39DD450041A277 /* AddressBasicComponentView.swift */,
				B4802FAB2A39EA1F0041A277 /* AddressView.swift */,
				B4802FB02A3A0D780041A277 /* AddressSearchedItemView.swift */,
			);
			path = Address;
			sourceTree = "<group>";
		};
		B483BF312A262AE30005746D /* NavigationBar */ = {
			isa = PBXGroup;
			children = (
				B483BF322A262AF00005746D /* View */,
				B483BF332A262AF40005746D /* ViewModel */,
			);
			path = NavigationBar;
			sourceTree = "<group>";
		};
		B483BF322A262AF00005746D /* View */ = {
			isa = PBXGroup;
			children = (
				B483BF362A262B400005746D /* NavigationBarView.swift */,
			);
			path = View;
			sourceTree = "<group>";
		};
		B483BF332A262AF40005746D /* ViewModel */ = {
			isa = PBXGroup;
			children = (
				B483BF382A262CA50005746D /* NavigationBarViewModel.swift */,
			);
			path = ViewModel;
			sourceTree = "<group>";
		};
		B483BF3A2A262D350005746D /* Feed */ = {
			isa = PBXGroup;
			children = (
				B483BF3C2A262DB50005746D /* ViewModel */,
				B483BF3B2A262DB00005746D /* View */,
			);
			path = Feed;
			sourceTree = "<group>";
		};
		B483BF3B2A262DB00005746D /* View */ = {
			isa = PBXGroup;
			children = (
				B483BF432A262DEF0005746D /* FeedView.swift */,
				B43454622A277D69000BC1EF /* ReusablePersonCellView.swift */,
				B40B93862A28DBCC004126DB /* ReusableLargePersonCellView.swift */,
				B40B93882A28E279004126DB /* DetailedFeedCategoryView.swift */,
			);
			path = View;
			sourceTree = "<group>";
		};
		B483BF3C2A262DB50005746D /* ViewModel */ = {
			isa = PBXGroup;
			children = (
			);
			path = ViewModel;
			sourceTree = "<group>";
		};
		B483BF3D2A262DB90005746D /* Appointments */ = {
			isa = PBXGroup;
			children = (
				B483BF422A262DDD0005746D /* ViewModel */,
				B483BF412A262DDA0005746D /* View */,
			);
			path = Appointments;
			sourceTree = "<group>";
		};
		B483BF3E2A262DC90005746D /* Profile */ = {
			isa = PBXGroup;
			children = (
				B483BF402A262DCE0005746D /* ViewModel */,
				B483BF3F2A262DCB0005746D /* View */,
			);
			path = Profile;
			sourceTree = "<group>";
		};
		B483BF3F2A262DCB0005746D /* View */ = {
			isa = PBXGroup;
			children = (
				B483BF482A262E120005746D /* ProfileView.swift */,
				B4F09C3E2A38966B0056BD48 /* Rewards */,
				B4F09C3D2A3896270056BD48 /* EditProfile */,
				B4802FA82A39DD240041A277 /* Address */,
				B4DA512B2A3B5591006C12ED /* Permissions */,
				B4DA512E2A3B5C17006C12ED /* Terms */,
				B4DA51312A3B5EE3006C12ED /* Settings */,
			);
			path = View;
			sourceTree = "<group>";
		};
		B483BF402A262DCE0005746D /* ViewModel */ = {
			isa = PBXGroup;
			children = (
				B46838CC2A28BAD800BC1630 /* ProfileViewModel.swift */,
				B4802FAE2A39F4330041A277 /* AddressViewModel.swift */,
				B44651122A3C9549005D2BB9 /* SettingsViewModel.swift */,
			);
			path = ViewModel;
			sourceTree = "<group>";
		};
		B483BF412A262DDA0005746D /* View */ = {
			isa = PBXGroup;
			children = (
				B483BF452A262E050005746D /* AppointmentsView.swift */,
				B4A407362A2A0EAA00F54357 /* DonateView.swift */,
			);
			path = View;
			sourceTree = "<group>";
		};
		B483BF422A262DDD0005746D /* ViewModel */ = {
			isa = PBXGroup;
			children = (
			);
			path = ViewModel;
			sourceTree = "<group>";
		};
		B4CB03DD2A1F8A6B00DC04E2 /* Models */ = {
			isa = PBXGroup;
			children = (
				B4CB03DE2A1F8A7E00DC04E2 /* User.swift */,
			);
			path = Models;
			sourceTree = "<group>";
		};
		B4CB03E02A1F8D4600DC04E2 /* Services */ = {
			isa = PBXGroup;
			children = (
				B4CB03E12A1F8D5800DC04E2 /* UserService.swift */,
			);
			path = Services;
			sourceTree = "<group>";
		};
		B4DA24232A165302009C6DA0 /* Extensions */ = {
			isa = PBXGroup;
			children = (
				B4DA24242A16531A009C6DA0 /* UIScreen.swift */,
				B4FC5E742A1BB5D400CC2BBC /* CGImageExtension.swift */,
				B4F09C412A389D570056BD48 /* ViewIf.swift */,
				B4F09C432A389EAD0056BD48 /* StringCapitalizingFirstLetter.swift */,
			);
			path = Extensions;
			sourceTree = "<group>";
		};
		B4DA512B2A3B5591006C12ED /* Permissions */ = {
			isa = PBXGroup;
			children = (
				B4DA512C2A3B55BB006C12ED /* PermissionsView.swift */,
			);
			path = Permissions;
			sourceTree = "<group>";
		};
		B4DA512E2A3B5C17006C12ED /* Terms */ = {
			isa = PBXGroup;
			children = (
				B4DA512F2A3B5C25006C12ED /* TermsView.swift */,
			);
			path = Terms;
			sourceTree = "<group>";
		};
		B4DA51312A3B5EE3006C12ED /* Settings */ = {
			isa = PBXGroup;
			children = (
				B4DA51322A3B5EF3006C12ED /* SettingsView.swift */,
				B4DA51342A3B611A006C12ED /* NotificationsView.swift */,
				B446510A2A3C8834005D2BB9 /* AboutThisVersionView.swift */,
				B446510C2A3C8A6A005D2BB9 /* PrivacyPolicyView.swift */,
				B446510E2A3C8DBA005D2BB9 /* SelectThemeView.swift */,
			);
			path = Settings;
			sourceTree = "<group>";
		};
		B4F09C3D2A3896270056BD48 /* EditProfile */ = {
			isa = PBXGroup;
			children = (
				B4A4073A2A2A2C9F00F54357 /* EditProfileInfoView.swift */,
				B426F71D2A2F534E00A8E231 /* EditNameView.swift */,
				B426F7212A2F5F5800A8E231 /* EditSocialNameView.swift */,
				B426F7232A2F628700A8E231 /* EditEmailView.swift */,
				B426F7252A2F650600A8E231 /* EditPhoneView.swift */,
				B426F7292A2F74A400A8E231 /* EditAddresView.swift */,
			);
			path = EditProfile;
			sourceTree = "<group>";
		};
		B4F09C3E2A38966B0056BD48 /* Rewards */ = {
			isa = PBXGroup;
			children = (
				B4F09C3F2A3896990056BD48 /* RewardMainComponentView.swift */,
				B4F09C452A38A5BC0056BD48 /* RewardsView.swift */,
				B4F09C472A38B7960056BD48 /* RewardsDetailedView.swift */,
			);
			path = Rewards;
			sourceTree = "<group>";
		};
/* End PBXGroup section */

/* Begin PBXNativeTarget section */
		B418FF772A05293C00C05261 /* Sanguineo */ = {
			isa = PBXNativeTarget;
			buildConfigurationList = B418FF862A05293D00C05261 /* Build configuration list for PBXNativeTarget "Sanguineo" */;
			buildPhases = (
				B418FF742A05293C00C05261 /* Sources */,
				B418FF752A05293C00C05261 /* Frameworks */,
				B418FF762A05293C00C05261 /* Resources */,
			);
			buildRules = (
			);
			dependencies = (
			);
			name = Sanguineo;
			packageProductDependencies = (
				B4FC5E702A1B99DC00CC2BBC /* Introspect */,
				B48452C72A1D0CD4004097B7 /* FirebaseAuth */,
				B48452C92A1D0CD4004097B7 /* FirebaseFirestore */,
				B48452CB2A1D0CD4004097B7 /* FirebaseFirestoreSwift */,
				B48452CD2A1D0CD4004097B7 /* FirebaseStorage */,
			);
			productName = Sanguineo;
			productReference = B418FF782A05293C00C05261 /* Sanguineo.app */;
			productType = "com.apple.product-type.application";
		};
/* End PBXNativeTarget section */

/* Begin PBXProject section */
		B418FF702A05293C00C05261 /* Project object */ = {
			isa = PBXProject;
			attributes = {
				BuildIndependentTargetsInParallel = 1;
				LastSwiftUpdateCheck = 1410;
				LastUpgradeCheck = 1410;
				TargetAttributes = {
					B418FF772A05293C00C05261 = {
						CreatedOnToolsVersion = 14.1;
					};
				};
			};
			buildConfigurationList = B418FF732A05293C00C05261 /* Build configuration list for PBXProject "Sanguineo" */;
			compatibilityVersion = "Xcode 14.0";
			developmentRegion = en;
			hasScannedForEncodings = 0;
			knownRegions = (
				en,
				Base,
			);
			mainGroup = B418FF6F2A05293C00C05261;
			packageReferences = (
				B4FC5E6F2A1B99DC00CC2BBC /* XCRemoteSwiftPackageReference "SwiftUI-Introspect" */,
				B48452C62A1D0CD4004097B7 /* XCRemoteSwiftPackageReference "firebase-ios-sdk" */,
			);
			productRefGroup = B418FF792A05293C00C05261 /* Products */;
			projectDirPath = "";
			projectRoot = "";
			targets = (
				B418FF772A05293C00C05261 /* Sanguineo */,
			);
		};
/* End PBXProject section */

/* Begin PBXResourcesBuildPhase section */
		B418FF762A05293C00C05261 /* Resources */ = {
			isa = PBXResourcesBuildPhase;
			buildActionMask = 2147483647;
			files = (
				B418FFAC2A05366500C05261 /* Nunito-ExtraLightItalic.ttf in Resources */,
				B418FFA22A05366500C05261 /* Nunito-ExtraLight.ttf in Resources */,
				B418FFA92A05366500C05261 /* Nunito-ExtraBoldItalic.ttf in Resources */,
				B418FFA42A05366500C05261 /* Nunito-Bold.ttf in Resources */,
				B418FFA72A05366500C05261 /* Nunito-BoldItalic.ttf in Resources */,
				B418FFA52A05366500C05261 /* Nunito-Medium.ttf in Resources */,
				B418FF832A05293D00C05261 /* Preview Assets.xcassets in Resources */,
				B418FFAA2A05366500C05261 /* Nunito-MediumItalic.ttf in Resources */,
				B418FFAD2A05366500C05261 /* Nunito-SemiBoldItalic.ttf in Resources */,
				B418FFAB2A05366500C05261 /* Nunito-BlackItalic.ttf in Resources */,
				B418FFAF2A05366500C05261 /* Nunito-LightItalic.ttf in Resources */,
				B48452C52A1D0BBC004097B7 /* GoogleService-Info.plist in Resources */,
				B418FFA32A05366500C05261 /* Nunito-Regular.ttf in Resources */,
				B418FFB12A05366500C05261 /* Nunito-SemiBold.ttf in Resources */,
				B418FFAE2A05366500C05261 /* Nunito-Light.ttf in Resources */,
				B418FF802A05293D00C05261 /* Assets.xcassets in Resources */,
				B418FFA62A05366500C05261 /* Nunito-ExtraBold.ttf in Resources */,
				B418FFA82A05366500C05261 /* Nunito-Black.ttf in Resources */,
				B418FFB02A05366500C05261 /* Nunito-Italic.ttf in Resources */,
			);
			runOnlyForDeploymentPostprocessing = 0;
		};
/* End PBXResourcesBuildPhase section */

/* Begin PBXSourcesBuildPhase section */
		B418FF742A05293C00C05261 /* Sources */ = {
			isa = PBXSourcesBuildPhase;
			buildActionMask = 2147483647;
			files = (
				B483BF442A262DEF0005746D /* FeedView.swift in Sources */,
				B4DA24222A165173009C6DA0 /* LoginView.swift in Sources */,
				B4EC9EBD2A1CFF8E00940B2F /* RegisterViewModel.swift in Sources */,
				B4E439A02A17BD1D00FFE907 /* RegisterView.swift in Sources */,
				B418FF7E2A05293C00C05261 /* HomeView.swift in Sources */,
				B4CB03DF2A1F8A7E00DC04E2 /* User.swift in Sources */,
				B4F09C402A3896990056BD48 /* RewardMainComponentView.swift in Sources */,
				B4802FB12A3A0D780041A277 /* AddressSearchedItemView.swift in Sources */,
				B40B93872A28DBCC004126DB /* ReusableLargePersonCellView.swift in Sources */,
				B4D070862A30D4E0003FE151 /* ResponsiveCustomPicker.swift in Sources */,
				B4F09C422A389D570056BD48 /* ViewIf.swift in Sources */,
				B483BF392A262CA50005746D /* NavigationBarViewModel.swift in Sources */,
				B4DA51302A3B5C25006C12ED /* TermsView.swift in Sources */,
				B418FF7C2A05293C00C05261 /* SanguineoApp.swift in Sources */,
				B446510F2A3C8DBA005D2BB9 /* SelectThemeView.swift in Sources */,
				B4A407372A2A0EAA00F54357 /* DonateView.swift in Sources */,
				B4CB03E22A1F8D5800DC04E2 /* UserService.swift in Sources */,
				B418FFBA2A05499800C05261 /* InitialLogView.swift in Sources */,
				B483BF372A262B400005746D /* NavigationBarView.swift in Sources */,
				B4E4BAEE2A165E9F00F108C1 /* ResponsiveCustomTextField.swift in Sources */,
				B418FFBC2A054A5900C05261 /* HomeViewModel.swift in Sources */,
				B4EC9EB92A1CECBF00940B2F /* InitialLogViewModel.swift in Sources */,
				B46838CF2A28C02600BC1630 /* CustomButtonCell.swift in Sources */,
				B46838CD2A28BAD800BC1630 /* ProfileViewModel.swift in Sources */,
				B4DA51352A3B611A006C12ED /* NotificationsView.swift in Sources */,
				B44651112A3C8EE3005D2BB9 /* CustomCheckmarkCell.swift in Sources */,
				B4DA51372A3B625F006C12ED /* CustomToggleCell.swift in Sources */,
				B4A4073B2A2A2C9F00F54357 /* EditProfileInfoView.swift in Sources */,
				B4F09C442A389EAD0056BD48 /* StringCapitalizingFirstLetter.swift in Sources */,
				B4F09C4A2A38BD800056BD48 /* CustomTextFieldCopy.swift in Sources */,
				B41F5B022A33627A00E9465A /* RequestView.swift in Sources */,
				B4DA512D2A3B55BB006C12ED /* PermissionsView.swift in Sources */,
				B483BF462A262E050005746D /* AppointmentsView.swift in Sources */,
				B4FC5E752A1BB5D400CC2BBC /* CGImageExtension.swift in Sources */,
				B4DA24252A16531A009C6DA0 /* UIScreen.swift in Sources */,
				B426F7222A2F5F5800A8E231 /* EditSocialNameView.swift in Sources */,
				B4802FAC2A39EA1F0041A277 /* AddressView.swift in Sources */,
				B49ED1612A2E2D54006A7EA4 /* CustomCell.swift in Sources */,
				B4F09C462A38A5BC0056BD48 /* RewardsView.swift in Sources */,
				B426F71E2A2F534E00A8E231 /* EditNameView.swift in Sources */,
				B43454632A277D69000BC1EF /* ReusablePersonCellView.swift in Sources */,
				B446510B2A3C8834005D2BB9 /* AboutThisVersionView.swift in Sources */,
				B4F09C482A38B7970056BD48 /* RewardsDetailedView.swift in Sources */,
				B4802FAA2A39DD450041A277 /* AddressBasicComponentView.swift in Sources */,
				B4DA51332A3B5EF3006C12ED /* SettingsView.swift in Sources */,
				B44651132A3C9549005D2BB9 /* SettingsViewModel.swift in Sources */,
				B4EC9EB72A1CE83200940B2F /* ImagePicker.swift in Sources */,
				B426F72A2A2F74A400A8E231 /* EditAddresView.swift in Sources */,
				B426F7262A2F650600A8E231 /* EditPhoneView.swift in Sources */,
				B418FF902A05321C00C05261 /* TutorialView.swift in Sources */,
				B4E4BAF02A1673B600F108C1 /* LoginViewModel.swift in Sources */,
				B446510D2A3C8A6A005D2BB9 /* PrivacyPolicyView.swift in Sources */,
				B4802FAF2A39F4330041A277 /* AddressViewModel.swift in Sources */,
				B426F7202A2F559000A8E231 /* ResponsiveSimpleCustomTextField.swift in Sources */,
				B414A4A62A44C5FF000168E7 /* LocationManager.swift in Sources */,
				B483BF492A262E120005746D /* ProfileView.swift in Sources */,
				B4EC9EBB2A1CF37900940B2F /* CustomTextField.swift in Sources */,
				B40B93892A28E279004126DB /* DetailedFeedCategoryView.swift in Sources */,
				B426F7242A2F628700A8E231 /* EditEmailView.swift in Sources */,
			);
			runOnlyForDeploymentPostprocessing = 0;
		};
/* End PBXSourcesBuildPhase section */

/* Begin XCBuildConfiguration section */
		B418FF842A05293D00C05261 /* Debug */ = {
			isa = XCBuildConfiguration;
			buildSettings = {
				ALWAYS_SEARCH_USER_PATHS = NO;
				CLANG_ANALYZER_NONNULL = YES;
				CLANG_ANALYZER_NUMBER_OBJECT_CONVERSION = YES_AGGRESSIVE;
				CLANG_CXX_LANGUAGE_STANDARD = "gnu++20";
				CLANG_ENABLE_MODULES = YES;
				CLANG_ENABLE_OBJC_ARC = YES;
				CLANG_ENABLE_OBJC_WEAK = YES;
				CLANG_WARN_BLOCK_CAPTURE_AUTORELEASING = YES;
				CLANG_WARN_BOOL_CONVERSION = YES;
				CLANG_WARN_COMMA = YES;
				CLANG_WARN_CONSTANT_CONVERSION = YES;
				CLANG_WARN_DEPRECATED_OBJC_IMPLEMENTATIONS = YES;
				CLANG_WARN_DIRECT_OBJC_ISA_USAGE = YES_ERROR;
				CLANG_WARN_DOCUMENTATION_COMMENTS = YES;
				CLANG_WARN_EMPTY_BODY = YES;
				CLANG_WARN_ENUM_CONVERSION = YES;
				CLANG_WARN_INFINITE_RECURSION = YES;
				CLANG_WARN_INT_CONVERSION = YES;
				CLANG_WARN_NON_LITERAL_NULL_CONVERSION = YES;
				CLANG_WARN_OBJC_IMPLICIT_RETAIN_SELF = YES;
				CLANG_WARN_OBJC_LITERAL_CONVERSION = YES;
				CLANG_WARN_OBJC_ROOT_CLASS = YES_ERROR;
				CLANG_WARN_QUOTED_INCLUDE_IN_FRAMEWORK_HEADER = YES;
				CLANG_WARN_RANGE_LOOP_ANALYSIS = YES;
				CLANG_WARN_STRICT_PROTOTYPES = YES;
				CLANG_WARN_SUSPICIOUS_MOVE = YES;
				CLANG_WARN_UNGUARDED_AVAILABILITY = YES_AGGRESSIVE;
				CLANG_WARN_UNREACHABLE_CODE = YES;
				CLANG_WARN__DUPLICATE_METHOD_MATCH = YES;
				COPY_PHASE_STRIP = NO;
				DEBUG_INFORMATION_FORMAT = dwarf;
				ENABLE_STRICT_OBJC_MSGSEND = YES;
				ENABLE_TESTABILITY = YES;
				GCC_C_LANGUAGE_STANDARD = gnu11;
				GCC_DYNAMIC_NO_PIC = NO;
				GCC_NO_COMMON_BLOCKS = YES;
				GCC_OPTIMIZATION_LEVEL = 0;
				GCC_PREPROCESSOR_DEFINITIONS = (
					"DEBUG=1",
					"$(inherited)",
				);
				GCC_WARN_64_TO_32_BIT_CONVERSION = YES;
				GCC_WARN_ABOUT_RETURN_TYPE = YES_ERROR;
				GCC_WARN_UNDECLARED_SELECTOR = YES;
				GCC_WARN_UNINITIALIZED_AUTOS = YES_AGGRESSIVE;
				GCC_WARN_UNUSED_FUNCTION = YES;
				GCC_WARN_UNUSED_VARIABLE = YES;
				IPHONEOS_DEPLOYMENT_TARGET = 16.1;
				MTL_ENABLE_DEBUG_INFO = INCLUDE_SOURCE;
				MTL_FAST_MATH = YES;
				ONLY_ACTIVE_ARCH = YES;
				SDKROOT = iphoneos;
				SWIFT_ACTIVE_COMPILATION_CONDITIONS = DEBUG;
				SWIFT_OPTIMIZATION_LEVEL = "-Onone";
			};
			name = Debug;
		};
		B418FF852A05293D00C05261 /* Release */ = {
			isa = XCBuildConfiguration;
			buildSettings = {
				ALWAYS_SEARCH_USER_PATHS = NO;
				CLANG_ANALYZER_NONNULL = YES;
				CLANG_ANALYZER_NUMBER_OBJECT_CONVERSION = YES_AGGRESSIVE;
				CLANG_CXX_LANGUAGE_STANDARD = "gnu++20";
				CLANG_ENABLE_MODULES = YES;
				CLANG_ENABLE_OBJC_ARC = YES;
				CLANG_ENABLE_OBJC_WEAK = YES;
				CLANG_WARN_BLOCK_CAPTURE_AUTORELEASING = YES;
				CLANG_WARN_BOOL_CONVERSION = YES;
				CLANG_WARN_COMMA = YES;
				CLANG_WARN_CONSTANT_CONVERSION = YES;
				CLANG_WARN_DEPRECATED_OBJC_IMPLEMENTATIONS = YES;
				CLANG_WARN_DIRECT_OBJC_ISA_USAGE = YES_ERROR;
				CLANG_WARN_DOCUMENTATION_COMMENTS = YES;
				CLANG_WARN_EMPTY_BODY = YES;
				CLANG_WARN_ENUM_CONVERSION = YES;
				CLANG_WARN_INFINITE_RECURSION = YES;
				CLANG_WARN_INT_CONVERSION = YES;
				CLANG_WARN_NON_LITERAL_NULL_CONVERSION = YES;
				CLANG_WARN_OBJC_IMPLICIT_RETAIN_SELF = YES;
				CLANG_WARN_OBJC_LITERAL_CONVERSION = YES;
				CLANG_WARN_OBJC_ROOT_CLASS = YES_ERROR;
				CLANG_WARN_QUOTED_INCLUDE_IN_FRAMEWORK_HEADER = YES;
				CLANG_WARN_RANGE_LOOP_ANALYSIS = YES;
				CLANG_WARN_STRICT_PROTOTYPES = YES;
				CLANG_WARN_SUSPICIOUS_MOVE = YES;
				CLANG_WARN_UNGUARDED_AVAILABILITY = YES_AGGRESSIVE;
				CLANG_WARN_UNREACHABLE_CODE = YES;
				CLANG_WARN__DUPLICATE_METHOD_MATCH = YES;
				COPY_PHASE_STRIP = NO;
				DEBUG_INFORMATION_FORMAT = "dwarf-with-dsym";
				ENABLE_NS_ASSERTIONS = NO;
				ENABLE_STRICT_OBJC_MSGSEND = YES;
				GCC_C_LANGUAGE_STANDARD = gnu11;
				GCC_NO_COMMON_BLOCKS = YES;
				GCC_WARN_64_TO_32_BIT_CONVERSION = YES;
				GCC_WARN_ABOUT_RETURN_TYPE = YES_ERROR;
				GCC_WARN_UNDECLARED_SELECTOR = YES;
				GCC_WARN_UNINITIALIZED_AUTOS = YES_AGGRESSIVE;
				GCC_WARN_UNUSED_FUNCTION = YES;
				GCC_WARN_UNUSED_VARIABLE = YES;
				IPHONEOS_DEPLOYMENT_TARGET = 16.1;
				MTL_ENABLE_DEBUG_INFO = NO;
				MTL_FAST_MATH = YES;
				SDKROOT = iphoneos;
				SWIFT_COMPILATION_MODE = wholemodule;
				SWIFT_OPTIMIZATION_LEVEL = "-O";
				VALIDATE_PRODUCT = YES;
			};
			name = Release;
		};
		B418FF872A05293D00C05261 /* Debug */ = {
			isa = XCBuildConfiguration;
			buildSettings = {
				ASSETCATALOG_COMPILER_APPICON_NAME = AppIcon;
				ASSETCATALOG_COMPILER_GLOBAL_ACCENT_COLOR_NAME = AccentColor;
				CODE_SIGN_STYLE = Automatic;
				CURRENT_PROJECT_VERSION = 1;
				DEVELOPMENT_ASSET_PATHS = "\"Sanguineo/Preview Content\"";
				DEVELOPMENT_TEAM = 9YRW6AKFZ7;
				ENABLE_PREVIEWS = YES;
				GENERATE_INFOPLIST_FILE = YES;
				INFOPLIST_FILE = Sanguineo/Info.plist;
				INFOPLIST_KEY_NSCameraUsageDescription = "Nos precisamos acessar a sua camera para poder fotografar os documentos necessarios do seu cadastro.";
				INFOPLIST_KEY_NSLocationWhenInUseUsageDescription = "Precisamos da sua localizacao para obter os hemocentros mais proximos.";
				INFOPLIST_KEY_UIApplicationSceneManifest_Generation = YES;
				INFOPLIST_KEY_UIApplicationSupportsIndirectInputEvents = YES;
				INFOPLIST_KEY_UILaunchScreen_Generation = YES;
				INFOPLIST_KEY_UISupportedInterfaceOrientations_iPad = "UIInterfaceOrientationPortrait UIInterfaceOrientationPortraitUpsideDown UIInterfaceOrientationLandscapeLeft UIInterfaceOrientationLandscapeRight";
				INFOPLIST_KEY_UISupportedInterfaceOrientations_iPhone = "UIInterfaceOrientationPortrait UIInterfaceOrientationLandscapeLeft UIInterfaceOrientationLandscapeRight";
				LD_RUNPATH_SEARCH_PATHS = (
					"$(inherited)",
					"@executable_path/Frameworks",
				);
				MARKETING_VERSION = 1.0;
				PRODUCT_BUNDLE_IDENTIFIER = co.diasGustaavo.Sanguineo;
				PRODUCT_NAME = "$(TARGET_NAME)";
				SWIFT_EMIT_LOC_STRINGS = YES;
				SWIFT_VERSION = 5.0;
				TARGETED_DEVICE_FAMILY = "1,2";
			};
			name = Debug;
		};
		B418FF882A05293D00C05261 /* Release */ = {
			isa = XCBuildConfiguration;
			buildSettings = {
				ASSETCATALOG_COMPILER_APPICON_NAME = AppIcon;
				ASSETCATALOG_COMPILER_GLOBAL_ACCENT_COLOR_NAME = AccentColor;
				CODE_SIGN_STYLE = Automatic;
				CURRENT_PROJECT_VERSION = 1;
				DEVELOPMENT_ASSET_PATHS = "\"Sanguineo/Preview Content\"";
				DEVELOPMENT_TEAM = 9YRW6AKFZ7;
				ENABLE_PREVIEWS = YES;
				GENERATE_INFOPLIST_FILE = YES;
				INFOPLIST_FILE = Sanguineo/Info.plist;
				INFOPLIST_KEY_NSCameraUsageDescription = "Nos precisamos acessar a sua camera para poder fotografar os documentos necessarios do seu cadastro.";
				INFOPLIST_KEY_NSLocationWhenInUseUsageDescription = "Precisamos da sua localizacao para obter os hemocentros mais proximos.";
				INFOPLIST_KEY_UIApplicationSceneManifest_Generation = YES;
				INFOPLIST_KEY_UIApplicationSupportsIndirectInputEvents = YES;
				INFOPLIST_KEY_UILaunchScreen_Generation = YES;
				INFOPLIST_KEY_UISupportedInterfaceOrientations_iPad = "UIInterfaceOrientationPortrait UIInterfaceOrientationPortraitUpsideDown UIInterfaceOrientationLandscapeLeft UIInterfaceOrientationLandscapeRight";
				INFOPLIST_KEY_UISupportedInterfaceOrientations_iPhone = "UIInterfaceOrientationPortrait UIInterfaceOrientationLandscapeLeft UIInterfaceOrientationLandscapeRight";
				LD_RUNPATH_SEARCH_PATHS = (
					"$(inherited)",
					"@executable_path/Frameworks",
				);
				MARKETING_VERSION = 1.0;
				PRODUCT_BUNDLE_IDENTIFIER = co.diasGustaavo.Sanguineo;
				PRODUCT_NAME = "$(TARGET_NAME)";
				SWIFT_EMIT_LOC_STRINGS = YES;
				SWIFT_VERSION = 5.0;
				TARGETED_DEVICE_FAMILY = "1,2";
			};
			name = Release;
		};
/* End XCBuildConfiguration section */

/* Begin XCConfigurationList section */
		B418FF732A05293C00C05261 /* Build configuration list for PBXProject "Sanguineo" */ = {
			isa = XCConfigurationList;
			buildConfigurations = (
				B418FF842A05293D00C05261 /* Debug */,
				B418FF852A05293D00C05261 /* Release */,
			);
			defaultConfigurationIsVisible = 0;
			defaultConfigurationName = Release;
		};
		B418FF862A05293D00C05261 /* Build configuration list for PBXNativeTarget "Sanguineo" */ = {
			isa = XCConfigurationList;
			buildConfigurations = (
				B418FF872A05293D00C05261 /* Debug */,
				B418FF882A05293D00C05261 /* Release */,
			);
			defaultConfigurationIsVisible = 0;
			defaultConfigurationName = Release;
		};
/* End XCConfigurationList section */

/* Begin XCRemoteSwiftPackageReference section */
		B48452C62A1D0CD4004097B7 /* XCRemoteSwiftPackageReference "firebase-ios-sdk" */ = {
			isa = XCRemoteSwiftPackageReference;
			repositoryURL = "https://github.com/firebase/firebase-ios-sdk";
			requirement = {
				kind = upToNextMajorVersion;
				minimumVersion = 9.0.0;
			};
		};
		B4FC5E6F2A1B99DC00CC2BBC /* XCRemoteSwiftPackageReference "SwiftUI-Introspect" */ = {
			isa = XCRemoteSwiftPackageReference;
			repositoryURL = "https://github.com/siteline/SwiftUI-Introspect.git";
			requirement = {
				kind = upToNextMajorVersion;
				minimumVersion = 0.3.1;
			};
		};
/* End XCRemoteSwiftPackageReference section */

/* Begin XCSwiftPackageProductDependency section */
		B48452C72A1D0CD4004097B7 /* FirebaseAuth */ = {
			isa = XCSwiftPackageProductDependency;
			package = B48452C62A1D0CD4004097B7 /* XCRemoteSwiftPackageReference "firebase-ios-sdk" */;
			productName = FirebaseAuth;
		};
		B48452C92A1D0CD4004097B7 /* FirebaseFirestore */ = {
			isa = XCSwiftPackageProductDependency;
			package = B48452C62A1D0CD4004097B7 /* XCRemoteSwiftPackageReference "firebase-ios-sdk" */;
			productName = FirebaseFirestore;
		};
		B48452CB2A1D0CD4004097B7 /* FirebaseFirestoreSwift */ = {
			isa = XCSwiftPackageProductDependency;
			package = B48452C62A1D0CD4004097B7 /* XCRemoteSwiftPackageReference "firebase-ios-sdk" */;
			productName = FirebaseFirestoreSwift;
		};
		B48452CD2A1D0CD4004097B7 /* FirebaseStorage */ = {
			isa = XCSwiftPackageProductDependency;
			package = B48452C62A1D0CD4004097B7 /* XCRemoteSwiftPackageReference "firebase-ios-sdk" */;
			productName = FirebaseStorage;
		};
		B4FC5E702A1B99DC00CC2BBC /* Introspect */ = {
			isa = XCSwiftPackageProductDependency;
			package = B4FC5E6F2A1B99DC00CC2BBC /* XCRemoteSwiftPackageReference "SwiftUI-Introspect" */;
			productName = Introspect;
		};
/* End XCSwiftPackageProductDependency section */
	};
	rootObject = B418FF702A05293C00C05261 /* Project object */;
}
